
Microsoft Visual Studio Solution File, Format Version 12.00
# Visual Studio Version 17
VisualStudioVersion = 17.0.32112.339
MinimumVisualStudioVersion = 10.0.40219.1
Project("{FAE04EC0-301F-11D3-BF4B-00C04F79EFBC}") = "SampleApp.Android", "SampleApp\SampleApp.Android\SampleApp.Android.csproj", "{ADE5E503-9177-45E4-B820-E79D60C80A9E}"
EndProject
Project("{FAE04EC0-301F-11D3-BF4B-00C04F79EFBC}") = "SampleApp", "SampleApp\SampleApp\SampleApp.csproj", "{FA455F23-3389-4187-B918-E71F42AD419C}"
EndProject
Global
	GlobalSection(SolutionConfigurationPlatforms) = preSolution
		Debug|Any CPU = Debug|Any CPU
		Release|Any CPU = Release|Any CPU
	EndGlobalSection
	GlobalSection(ProjectConfigurationPlatforms) = postSolution
		{ADE5E503-9177-45E4-B820-E79D60C80A9E}.Debug|Any CPU.ActiveCfg = Debug|Any CPU
		{ADE5E503-9177-45E4-B820-E79D60C80A9E}.Debug|Any CPU.Build.0 = Debug|Any CPU
		{ADE5E503-9177-45E4-B820-E79D60C80A9E}.Debug|Any CPU.Deploy.0 = Debug|Any CPU
		{ADE5E503-9177-45E4-B820-E79D60C80A9E}.Release|Any CPU.ActiveCfg = Release|Any CPU
		{ADE5E503-9177-45E4-B820-E79D60C80A9E}.Release|Any CPU.Build.0 = Release|Any CPU
		{ADE5E503-9177-45E4-B820-E79D60C80A9E}.Release|Any CPU.Deploy.0 = Release|Any CPU
		{FA455F23-3389-4187-B918-E71F42AD419C}.Debug|Any CPU.ActiveCfg = Debug|Any CPU
		{FA455F23-3389-4187-B918-E71F42AD419C}.Debug|Any CPU.Build.0 = Debug|Any CPU
		{FA455F23-3389-4187-B918-E71F42AD419C}.Debug|Any CPU.Deploy.0 = Debug|Any CPU
		{FA455F23-3389-4187-B918-E71F42AD419C}.Release|Any CPU.ActiveCfg = Release|Any CPU
		{FA455F23-3389-4187-B918-E71F42AD419C}.Release|Any CPU.Build.0 = Release|Any CPU
		{FA455F23-3389-4187-B918-E71F42AD419C}.Release|Any CPU.Deploy.0 = Release|Any CPU
	EndGlobalSection
	GlobalSection(SolutionProperties) = preSolution
		HideSolutionNode = FALSE
	EndGlobalSection
	GlobalSection(ExtensibilityGlobals) = postSolution
		SolutionGuid = {88971D21-7D83-4981-9811-A36FA31E9BD3}
	EndGlobalSection
EndGlobal
